
Microsoft Visual Studio Solution File, Format Version 12.00
# Visual Studio Version 17
VisualStudioVersion = 17.8.34309.116
MinimumVisualStudioVersion = 10.0.40219.1
Project("{FAE04EC0-301F-11D3-BF4B-00C04F79EFBC}") = "ClassExamples2425", "ClassExamples2425\ClassExamples2425.csproj", "{1FB6194D-00AA-4FC5-8255-5D56D4F1F513}"
EndProject
Global
	GlobalSection(SolutionConfigurationPlatforms) = preSolution
		Debug|Any CPU = Debug|Any CPU
		Release|Any CPU = Release|Any CPU
	EndGlobalSection
	GlobalSection(ProjectConfigurationPlatforms) = postSolution
		{1FB6194D-00AA-4FC5-8255-5D56D4F1F513}.Debug|Any CPU.ActiveCfg = Debug|Any CPU
		{1FB6194D-00AA-4FC5-8255-5D56D4F1F513}.Debug|Any CPU.Build.0 = Debug|Any CPU
		{1FB6194D-00AA-4FC5-8255-5D56D4F1F513}.Release|Any CPU.ActiveCfg = Release|Any CPU
		{1FB6194D-00AA-4FC5-8255-5D56D4F1F513}.Release|Any CPU.Build.0 = Release|Any CPU
	EndGlobalSection
	GlobalSection(SolutionProperties) = preSolution
		HideSolutionNode = FALSE
	EndGlobalSection
	GlobalSection(ExtensibilityGlobals) = postSolution
		SolutionGuid = {8EB9081E-A485-48A0-9481-71D869765256}
	EndGlobalSection
EndGlobal
